
Microsoft Visual Studio Solution File, Format Version 12.00
# Visual Studio Version 17
VisualStudioVersion = 17.4.33403.182
MinimumVisualStudioVersion = 10.0.40219.1
Project("{FAE04EC0-301F-11D3-BF4B-00C04F79EFBC}") = "Boutique", "Boutique\Boutique.csproj", "{3AA19A25-1CFA-41BC-9A9C-822BC8398893}"
EndProject
Project("{FAE04EC0-301F-11D3-BF4B-00C04F79EFBC}") = "ServiceMetier", "ServiceMetier\ServiceMetier.csproj", "{1635F870-8D16-4E55-9F7D-513B07754D1C}"
EndProject
Global
	GlobalSection(SolutionConfigurationPlatforms) = preSolution
		Debug|Any CPU = Debug|Any CPU
		Release|Any CPU = Release|Any CPU
	EndGlobalSection
	GlobalSection(ProjectConfigurationPlatforms) = postSolution
		{3AA19A25-1CFA-41BC-9A9C-822BC8398893}.Debug|Any CPU.ActiveCfg = Debug|Any CPU
		{3AA19A25-1CFA-41BC-9A9C-822BC8398893}.Debug|Any CPU.Build.0 = Debug|Any CPU
		{3AA19A25-1CFA-41BC-9A9C-822BC8398893}.Release|Any CPU.ActiveCfg = Release|Any CPU
		{3AA19A25-1CFA-41BC-9A9C-822BC8398893}.Release|Any CPU.Build.0 = Release|Any CPU
		{1635F870-8D16-4E55-9F7D-513B07754D1C}.Debug|Any CPU.ActiveCfg = Debug|Any CPU
		{1635F870-8D16-4E55-9F7D-513B07754D1C}.Debug|Any CPU.Build.0 = Debug|Any CPU
		{1635F870-8D16-4E55-9F7D-513B07754D1C}.Release|Any CPU.ActiveCfg = Release|Any CPU
		{1635F870-8D16-4E55-9F7D-513B07754D1C}.Release|Any CPU.Build.0 = Release|Any CPU
	EndGlobalSection
	GlobalSection(SolutionProperties) = preSolution
		HideSolutionNode = FALSE
	EndGlobalSection
	GlobalSection(ExtensibilityGlobals) = postSolution
		SolutionGuid = {08D69F76-95FB-4756-9C95-9498E93EFA1D}
	EndGlobalSection
EndGlobal
